// !$*UTF8*$!
{
	archiveVersion = 1;
	classes = {
	};
	objectVersion = 50;
	objects = {

/* Begin PBXBuildFile section */
		437AAB6ACA4661AD4E80F1BF /* Pods_WiseEmotionsTest.framework in Frameworks */ = {isa = PBXBuildFile; fileRef = 6B4045F2F9F43849FBAD913E /* Pods_WiseEmotionsTest.framework */; };
		A9FCF43B8F1482CF6556CB49 /* Pods_WiseEmotionsTestTests.framework in Frameworks */ = {isa = PBXBuildFile; fileRef = 516D5C52650A6E05C1873511 /* Pods_WiseEmotionsTestTests.framework */; };
		EE7E2BCC251E923E00BBFB8C /* Utilities.swift in Sources */ = {isa = PBXBuildFile; fileRef = EE7E2BCB251E923E00BBFB8C /* Utilities.swift */; };
		EE98F417251EBAE60085A353 /* PokemonImageCell.swift in Sources */ = {isa = PBXBuildFile; fileRef = EE98F416251EBAE60085A353 /* PokemonImageCell.swift */; };
		EE98F41B251EC7850085A353 /* Reachability.swift in Sources */ = {isa = PBXBuildFile; fileRef = EE98F41A251EC7850085A353 /* Reachability.swift */; };
		EE98F41E251EC7F00085A353 /* DataManager.swift in Sources */ = {isa = PBXBuildFile; fileRef = EE98F41D251EC7F00085A353 /* DataManager.swift */; };
		EECB981A251E45AF00C04ED3 /* AppDelegate.swift in Sources */ = {isa = PBXBuildFile; fileRef = EECB9819251E45AF00C04ED3 /* AppDelegate.swift */; };
		EECB981E251E45AF00C04ED3 /* PokemoneListViewController.swift in Sources */ = {isa = PBXBuildFile; fileRef = EECB981D251E45AF00C04ED3 /* PokemoneListViewController.swift */; };
		EECB9821251E45AF00C04ED3 /* Main.storyboard in Resources */ = {isa = PBXBuildFile; fileRef = EECB981F251E45AF00C04ED3 /* Main.storyboard */; };
		EECB9824251E45AF00C04ED3 /* WiseEmotionsTest.xcdatamodeld in Sources */ = {isa = PBXBuildFile; fileRef = EECB9822251E45AF00C04ED3 /* WiseEmotionsTest.xcdatamodeld */; };
		EECB9826251E45B200C04ED3 /* Assets.xcassets in Resources */ = {isa = PBXBuildFile; fileRef = EECB9825251E45B200C04ED3 /* Assets.xcassets */; };
		EECB9829251E45B200C04ED3 /* LaunchScreen.storyboard in Resources */ = {isa = PBXBuildFile; fileRef = EECB9827251E45B200C04ED3 /* LaunchScreen.storyboard */; };
		EECB9834251E45B300C04ED3 /* WiseEmotionsTestTests.swift in Sources */ = {isa = PBXBuildFile; fileRef = EECB9833251E45B300C04ED3 /* WiseEmotionsTestTests.swift */; };
		EECB9841251E498500C04ED3 /* PokemonModel.swift in Sources */ = {isa = PBXBuildFile; fileRef = EECB9840251E498500C04ED3 /* PokemonModel.swift */; };
		EECB9845251E4A4800C04ED3 /* PokemonListViewModel.swift in Sources */ = {isa = PBXBuildFile; fileRef = EECB9844251E4A4800C04ED3 /* PokemonListViewModel.swift */; };
		EECB9848251E4F7600C04ED3 /* Constants.swift in Sources */ = {isa = PBXBuildFile; fileRef = EECB9847251E4F7600C04ED3 /* Constants.swift */; };
		EEF5CA392521B60300AD3CA8 /* PokemonStat.swift in Sources */ = {isa = PBXBuildFile; fileRef = EEF5CA382521B60300AD3CA8 /* PokemonStat.swift */; };
		EEF5CA3F2521B95600AD3CA8 /* PokemonStatCell.swift in Sources */ = {isa = PBXBuildFile; fileRef = EEF5CA3E2521B95600AD3CA8 /* PokemonStatCell.swift */; };
		EEFDDFE6251E93B0004BDEA9 /* PokemonCell.swift in Sources */ = {isa = PBXBuildFile; fileRef = EEFDDFE4251E93B0004BDEA9 /* PokemonCell.swift */; };
		EEFDDFE7251E93B0004BDEA9 /* PokemonCell.xib in Resources */ = {isa = PBXBuildFile; fileRef = EEFDDFE5251E93B0004BDEA9 /* PokemonCell.xib */; };
		EEFDDFF0251E94E7004BDEA9 /* FontConvertible.swift in Sources */ = {isa = PBXBuildFile; fileRef = EEFDDFED251E94E7004BDEA9 /* FontConvertible.swift */; };
		EEFDDFF1251E94E7004BDEA9 /* Fonts.swift in Sources */ = {isa = PBXBuildFile; fileRef = EEFDDFEE251E94E7004BDEA9 /* Fonts.swift */; };
		EEFDDFF2251E94E7004BDEA9 /* CustomFont.swift in Sources */ = {isa = PBXBuildFile; fileRef = EEFDDFEF251E94E7004BDEA9 /* CustomFont.swift */; };
		EEFDDFF5251E94F1004BDEA9 /* CommonLabels.swift in Sources */ = {isa = PBXBuildFile; fileRef = EEFDDFF4251E94F1004BDEA9 /* CommonLabels.swift */; };
		EEFDDFF8251E956A004BDEA9 /* CustomLabel.swift in Sources */ = {isa = PBXBuildFile; fileRef = EEFDDFF7251E956A004BDEA9 /* CustomLabel.swift */; };
		EEFDDFFB251E958F004BDEA9 /* Placeholder.swift in Sources */ = {isa = PBXBuildFile; fileRef = EEFDDFFA251E958F004BDEA9 /* Placeholder.swift */; };
		EEFDDFFE251E95C6004BDEA9 /* UIFontExtension.swift in Sources */ = {isa = PBXBuildFile; fileRef = EEFDDFFD251E95C6004BDEA9 /* UIFontExtension.swift */; };
		EEFDE000251EA15C004BDEA9 /* Utils.swift in Sources */ = {isa = PBXBuildFile; fileRef = EEFDDFFF251EA15C004BDEA9 /* Utils.swift */; };
		EEFDE002251EA6BC004BDEA9 /* ThemeUtils.swift in Sources */ = {isa = PBXBuildFile; fileRef = EEFDE001251EA6BC004BDEA9 /* ThemeUtils.swift */; };
		EEFDE003251EA7DA004BDEA9 /* GothamRounded-Book.otf in Resources */ = {isa = PBXBuildFile; fileRef = EEFDDFEA251E9476004BDEA9 /* GothamRounded-Book.otf */; };
		EEFDE004251EA7DD004BDEA9 /* GothamRounded-Bold.otf in Resources */ = {isa = PBXBuildFile; fileRef = EEFDDFE9251E9476004BDEA9 /* GothamRounded-Bold.otf */; };
		EEFDE005251EA7E0004BDEA9 /* GothamRounded-Medium.otf in Resources */ = {isa = PBXBuildFile; fileRef = EEFDDFEB251E9476004BDEA9 /* GothamRounded-Medium.otf */; };
		EEFDE007251EAE6E004BDEA9 /* PokemonDetailViewModel.swift in Sources */ = {isa = PBXBuildFile; fileRef = EEFDE006251EAE6E004BDEA9 /* PokemonDetailViewModel.swift */; };
		EEFDE009251EAE9D004BDEA9 /* PokemonDetailsModel.swift in Sources */ = {isa = PBXBuildFile; fileRef = EEFDE008251EAE9D004BDEA9 /* PokemonDetailsModel.swift */; };
		EEFDE00D251EB61A004BDEA9 /* PokemonDetailsViewController.swift in Sources */ = {isa = PBXBuildFile; fileRef = EEFDE00C251EB61A004BDEA9 /* PokemonDetailsViewController.swift */; };
/* End PBXBuildFile section */

/* Begin PBXContainerItemProxy section */
		EECB9830251E45B300C04ED3 /* PBXContainerItemProxy */ = {
			isa = PBXContainerItemProxy;
			containerPortal = EECB980E251E45AF00C04ED3 /* Project object */;
			proxyType = 1;
			remoteGlobalIDString = EECB9815251E45AF00C04ED3;
			remoteInfo = WiseEmotionsTest;
		};
/* End PBXContainerItemProxy section */

/* Begin PBXFileReference section */
		4CFBA8329CE2FBF7A4CDB43E /* Pods-WiseEmotionsTestTests.debug.xcconfig */ = {isa = PBXFileReference; includeInIndex = 1; lastKnownFileType = text.xcconfig; name = "Pods-WiseEmotionsTestTests.debug.xcconfig"; path = "Target Support Files/Pods-WiseEmotionsTestTests/Pods-WiseEmotionsTestTests.debug.xcconfig"; sourceTree = "<group>"; };
		516D5C52650A6E05C1873511 /* Pods_WiseEmotionsTestTests.framework */ = {isa = PBXFileReference; explicitFileType = wrapper.framework; includeInIndex = 0; path = Pods_WiseEmotionsTestTests.framework; sourceTree = BUILT_PRODUCTS_DIR; };
		6B4045F2F9F43849FBAD913E /* Pods_WiseEmotionsTest.framework */ = {isa = PBXFileReference; explicitFileType = wrapper.framework; includeInIndex = 0; path = Pods_WiseEmotionsTest.framework; sourceTree = BUILT_PRODUCTS_DIR; };
		97C0ED4F1ECC6E8779D0AE8E /* Pods-WiseEmotionsTest.release.xcconfig */ = {isa = PBXFileReference; includeInIndex = 1; lastKnownFileType = text.xcconfig; name = "Pods-WiseEmotionsTest.release.xcconfig"; path = "Target Support Files/Pods-WiseEmotionsTest/Pods-WiseEmotionsTest.release.xcconfig"; sourceTree = "<group>"; };
		9FDA5D577353AAC227BC2BAF /* Pods-WiseEmotionsTest.debug.xcconfig */ = {isa = PBXFileReference; includeInIndex = 1; lastKnownFileType = text.xcconfig; name = "Pods-WiseEmotionsTest.debug.xcconfig"; path = "Target Support Files/Pods-WiseEmotionsTest/Pods-WiseEmotionsTest.debug.xcconfig"; sourceTree = "<group>"; };
		A901DAD6EF83BE9EEF9DF1BE /* Pods-WiseEmotionsTestTests.release.xcconfig */ = {isa = PBXFileReference; includeInIndex = 1; lastKnownFileType = text.xcconfig; name = "Pods-WiseEmotionsTestTests.release.xcconfig"; path = "Target Support Files/Pods-WiseEmotionsTestTests/Pods-WiseEmotionsTestTests.release.xcconfig"; sourceTree = "<group>"; };
		EE7E2BCB251E923E00BBFB8C /* Utilities.swift */ = {isa = PBXFileReference; lastKnownFileType = sourcecode.swift; path = Utilities.swift; sourceTree = "<group>"; };
		EE98F416251EBAE60085A353 /* PokemonImageCell.swift */ = {isa = PBXFileReference; lastKnownFileType = sourcecode.swift; path = PokemonImageCell.swift; sourceTree = "<group>"; };
		EE98F41A251EC7850085A353 /* Reachability.swift */ = {isa = PBXFileReference; lastKnownFileType = sourcecode.swift; path = Reachability.swift; sourceTree = "<group>"; };
		EE98F41D251EC7F00085A353 /* DataManager.swift */ = {isa = PBXFileReference; lastKnownFileType = sourcecode.swift; path = DataManager.swift; sourceTree = "<group>"; };
		EECB9816251E45AF00C04ED3 /* WiseEmotionsTest.app */ = {isa = PBXFileReference; explicitFileType = wrapper.application; includeInIndex = 0; path = WiseEmotionsTest.app; sourceTree = BUILT_PRODUCTS_DIR; };
		EECB9819251E45AF00C04ED3 /* AppDelegate.swift */ = {isa = PBXFileReference; lastKnownFileType = sourcecode.swift; path = AppDelegate.swift; sourceTree = "<group>"; };
		EECB981D251E45AF00C04ED3 /* PokemoneListViewController.swift */ = {isa = PBXFileReference; lastKnownFileType = sourcecode.swift; path = PokemoneListViewController.swift; sourceTree = "<group>"; };
		EECB9820251E45AF00C04ED3 /* Base */ = {isa = PBXFileReference; lastKnownFileType = file.storyboard; name = Base; path = Base.lproj/Main.storyboard; sourceTree = "<group>"; };
		EECB9823251E45AF00C04ED3 /* WiseEmotionsTest.xcdatamodel */ = {isa = PBXFileReference; lastKnownFileType = wrapper.xcdatamodel; path = WiseEmotionsTest.xcdatamodel; sourceTree = "<group>"; };
		EECB9825251E45B200C04ED3 /* Assets.xcassets */ = {isa = PBXFileReference; lastKnownFileType = folder.assetcatalog; path = Assets.xcassets; sourceTree = "<group>"; };
		EECB9828251E45B200C04ED3 /* Base */ = {isa = PBXFileReference; lastKnownFileType = file.storyboard; name = Base; path = Base.lproj/LaunchScreen.storyboard; sourceTree = "<group>"; };
		EECB982A251E45B200C04ED3 /* Info.plist */ = {isa = PBXFileReference; lastKnownFileType = text.plist.xml; path = Info.plist; sourceTree = "<group>"; };
		EECB982F251E45B300C04ED3 /* WiseEmotionsTestTests.xctest */ = {isa = PBXFileReference; explicitFileType = wrapper.cfbundle; includeInIndex = 0; path = WiseEmotionsTestTests.xctest; sourceTree = BUILT_PRODUCTS_DIR; };
		EECB9833251E45B300C04ED3 /* WiseEmotionsTestTests.swift */ = {isa = PBXFileReference; lastKnownFileType = sourcecode.swift; path = WiseEmotionsTestTests.swift; sourceTree = "<group>"; };
		EECB9835251E45B300C04ED3 /* Info.plist */ = {isa = PBXFileReference; lastKnownFileType = text.plist.xml; path = Info.plist; sourceTree = "<group>"; };
		EECB9840251E498500C04ED3 /* PokemonModel.swift */ = {isa = PBXFileReference; lastKnownFileType = sourcecode.swift; path = PokemonModel.swift; sourceTree = "<group>"; };
		EECB9844251E4A4800C04ED3 /* PokemonListViewModel.swift */ = {isa = PBXFileReference; lastKnownFileType = sourcecode.swift; path = PokemonListViewModel.swift; sourceTree = "<group>"; };
		EECB9847251E4F7600C04ED3 /* Constants.swift */ = {isa = PBXFileReference; lastKnownFileType = sourcecode.swift; path = Constants.swift; sourceTree = "<group>"; };
		EEF5CA382521B60300AD3CA8 /* PokemonStat.swift */ = {isa = PBXFileReference; lastKnownFileType = sourcecode.swift; path = PokemonStat.swift; sourceTree = "<group>"; };
		EEF5CA3E2521B95600AD3CA8 /* PokemonStatCell.swift */ = {isa = PBXFileReference; lastKnownFileType = sourcecode.swift; path = PokemonStatCell.swift; sourceTree = "<group>"; };
		EEFDDFE4251E93B0004BDEA9 /* PokemonCell.swift */ = {isa = PBXFileReference; lastKnownFileType = sourcecode.swift; path = PokemonCell.swift; sourceTree = "<group>"; };
		EEFDDFE5251E93B0004BDEA9 /* PokemonCell.xib */ = {isa = PBXFileReference; lastKnownFileType = file.xib; path = PokemonCell.xib; sourceTree = "<group>"; };
		EEFDDFE9251E9476004BDEA9 /* GothamRounded-Bold.otf */ = {isa = PBXFileReference; lastKnownFileType = file; path = "GothamRounded-Bold.otf"; sourceTree = "<group>"; };
		EEFDDFEA251E9476004BDEA9 /* GothamRounded-Book.otf */ = {isa = PBXFileReference; lastKnownFileType = file; path = "GothamRounded-Book.otf"; sourceTree = "<group>"; };
		EEFDDFEB251E9476004BDEA9 /* GothamRounded-Medium.otf */ = {isa = PBXFileReference; lastKnownFileType = file; path = "GothamRounded-Medium.otf"; sourceTree = "<group>"; };
		EEFDDFED251E94E7004BDEA9 /* FontConvertible.swift */ = {isa = PBXFileReference; fileEncoding = 4; lastKnownFileType = sourcecode.swift; path = FontConvertible.swift; sourceTree = "<group>"; };
		EEFDDFEE251E94E7004BDEA9 /* Fonts.swift */ = {isa = PBXFileReference; fileEncoding = 4; lastKnownFileType = sourcecode.swift; path = Fonts.swift; sourceTree = "<group>"; };
		EEFDDFEF251E94E7004BDEA9 /* CustomFont.swift */ = {isa = PBXFileReference; fileEncoding = 4; lastKnownFileType = sourcecode.swift; path = CustomFont.swift; sourceTree = "<group>"; };
		EEFDDFF4251E94F1004BDEA9 /* CommonLabels.swift */ = {isa = PBXFileReference; fileEncoding = 4; lastKnownFileType = sourcecode.swift; path = CommonLabels.swift; sourceTree = "<group>"; };
		EEFDDFF7251E956A004BDEA9 /* CustomLabel.swift */ = {isa = PBXFileReference; lastKnownFileType = sourcecode.swift; path = CustomLabel.swift; sourceTree = "<group>"; };
		EEFDDFFA251E958F004BDEA9 /* Placeholder.swift */ = {isa = PBXFileReference; fileEncoding = 4; lastKnownFileType = sourcecode.swift; path = Placeholder.swift; sourceTree = "<group>"; };
		EEFDDFFD251E95C6004BDEA9 /* UIFontExtension.swift */ = {isa = PBXFileReference; fileEncoding = 4; lastKnownFileType = sourcecode.swift; path = UIFontExtension.swift; sourceTree = "<group>"; };
		EEFDDFFF251EA15C004BDEA9 /* Utils.swift */ = {isa = PBXFileReference; lastKnownFileType = sourcecode.swift; path = Utils.swift; sourceTree = "<group>"; };
		EEFDE001251EA6BC004BDEA9 /* ThemeUtils.swift */ = {isa = PBXFileReference; fileEncoding = 4; lastKnownFileType = sourcecode.swift; path = ThemeUtils.swift; sourceTree = "<group>"; };
		EEFDE006251EAE6E004BDEA9 /* PokemonDetailViewModel.swift */ = {isa = PBXFileReference; lastKnownFileType = sourcecode.swift; path = PokemonDetailViewModel.swift; sourceTree = "<group>"; };
		EEFDE008251EAE9D004BDEA9 /* PokemonDetailsModel.swift */ = {isa = PBXFileReference; lastKnownFileType = sourcecode.swift; path = PokemonDetailsModel.swift; sourceTree = "<group>"; };
		EEFDE00C251EB61A004BDEA9 /* PokemonDetailsViewController.swift */ = {isa = PBXFileReference; lastKnownFileType = sourcecode.swift; path = PokemonDetailsViewController.swift; sourceTree = "<group>"; };
/* End PBXFileReference section */

/* Begin PBXFrameworksBuildPhase section */
		EECB9813251E45AF00C04ED3 /* Frameworks */ = {
			isa = PBXFrameworksBuildPhase;
			buildActionMask = 2147483647;
			files = (
				437AAB6ACA4661AD4E80F1BF /* Pods_WiseEmotionsTest.framework in Frameworks */,
			);
			runOnlyForDeploymentPostprocessing = 0;
		};
		EECB982C251E45B300C04ED3 /* Frameworks */ = {
			isa = PBXFrameworksBuildPhase;
			buildActionMask = 2147483647;
			files = (
				A9FCF43B8F1482CF6556CB49 /* Pods_WiseEmotionsTestTests.framework in Frameworks */,
			);
			runOnlyForDeploymentPostprocessing = 0;
		};
/* End PBXFrameworksBuildPhase section */

/* Begin PBXGroup section */
		121A5F2F055602DEAD944F1C /* Pods */ = {
			isa = PBXGroup;
			children = (
				9FDA5D577353AAC227BC2BAF /* Pods-WiseEmotionsTest.debug.xcconfig */,
				97C0ED4F1ECC6E8779D0AE8E /* Pods-WiseEmotionsTest.release.xcconfig */,
				4CFBA8329CE2FBF7A4CDB43E /* Pods-WiseEmotionsTestTests.debug.xcconfig */,
				A901DAD6EF83BE9EEF9DF1BE /* Pods-WiseEmotionsTestTests.release.xcconfig */,
			);
			path = Pods;
			sourceTree = "<group>";
		};
		B4B6C6B6E973232C0E13BB3D /* Frameworks */ = {
			isa = PBXGroup;
			children = (
				6B4045F2F9F43849FBAD913E /* Pods_WiseEmotionsTest.framework */,
				516D5C52650A6E05C1873511 /* Pods_WiseEmotionsTestTests.framework */,
			);
			name = Frameworks;
			sourceTree = "<group>";
		};
		EE98F41C251EC7E30085A353 /* Helpers */ = {
			isa = PBXGroup;
			children = (
				EE98F41D251EC7F00085A353 /* DataManager.swift */,
			);
			path = Helpers;
			sourceTree = "<group>";
		};
		EECB980D251E45AF00C04ED3 = {
			isa = PBXGroup;
			children = (
				EECB9818251E45AF00C04ED3 /* WiseEmotionsTest */,
				EECB9832251E45B300C04ED3 /* WiseEmotionsTestTests */,
				EECB9817251E45AF00C04ED3 /* Products */,
				B4B6C6B6E973232C0E13BB3D /* Frameworks */,
				121A5F2F055602DEAD944F1C /* Pods */,
			);
			sourceTree = "<group>";
		};
		EECB9817251E45AF00C04ED3 /* Products */ = {
			isa = PBXGroup;
			children = (
				EECB9816251E45AF00C04ED3 /* WiseEmotionsTest.app */,
				EECB982F251E45B300C04ED3 /* WiseEmotionsTestTests.xctest */,
			);
			name = Products;
			sourceTree = "<group>";
		};
		EECB9818251E45AF00C04ED3 /* WiseEmotionsTest */ = {
			isa = PBXGroup;
			children = (
				EE98F41C251EC7E30085A353 /* Helpers */,
				EEFDDFE8251E9455004BDEA9 /* Resources */,
				EECB9846251E4A9700C04ED3 /* MVVM */,
				EECB9842251E49A400C04ED3 /* Common */,
				EECB9819251E45AF00C04ED3 /* AppDelegate.swift */,
				EECB981F251E45AF00C04ED3 /* Main.storyboard */,
				EECB9825251E45B200C04ED3 /* Assets.xcassets */,
				EECB9827251E45B200C04ED3 /* LaunchScreen.storyboard */,
				EECB982A251E45B200C04ED3 /* Info.plist */,
				EECB9822251E45AF00C04ED3 /* WiseEmotionsTest.xcdatamodeld */,
			);
			path = WiseEmotionsTest;
			sourceTree = "<group>";
		};
		EECB9832251E45B300C04ED3 /* WiseEmotionsTestTests */ = {
			isa = PBXGroup;
			children = (
				EECB9833251E45B300C04ED3 /* WiseEmotionsTestTests.swift */,
				EECB9835251E45B300C04ED3 /* Info.plist */,
			);
			path = WiseEmotionsTestTests;
			sourceTree = "<group>";
		};
		EECB983E251E472D00C04ED3 /* View */ = {
			isa = PBXGroup;
			children = (
				EEFDE00B251EB602004BDEA9 /* VC */,
				EEFDE00A251EB5F9004BDEA9 /* Cell */,
				EEFDDFF6251E953B004BDEA9 /* Common */,
			);
			path = View;
			sourceTree = "<group>";
		};
		EECB983F251E497700C04ED3 /* Model */ = {
			isa = PBXGroup;
			children = (
				EECB9840251E498500C04ED3 /* PokemonModel.swift */,
				EEFDE008251EAE9D004BDEA9 /* PokemonDetailsModel.swift */,
				EEF5CA382521B60300AD3CA8 /* PokemonStat.swift */,
			);
			path = Model;
			sourceTree = "<group>";
		};
		EECB9842251E49A400C04ED3 /* Common */ = {
			isa = PBXGroup;
			children = (
				EEFDDFFC251E95B5004BDEA9 /* Extension */,
				EEFDDFF9251E958F004BDEA9 /* Theme */,
				EEFDDFF3251E94F1004BDEA9 /* Label */,
				EEFDDFEC251E94E7004BDEA9 /* Font */,
				EECB9847251E4F7600C04ED3 /* Constants.swift */,
				EE7E2BCB251E923E00BBFB8C /* Utilities.swift */,
				EEFDDFFF251EA15C004BDEA9 /* Utils.swift */,
				EE98F41A251EC7850085A353 /* Reachability.swift */,
			);
			path = Common;
			sourceTree = "<group>";
		};
		EECB9843251E4A0D00C04ED3 /* ViewModel */ = {
			isa = PBXGroup;
			children = (
				EECB9844251E4A4800C04ED3 /* PokemonListViewModel.swift */,
				EEFDE006251EAE6E004BDEA9 /* PokemonDetailViewModel.swift */,
			);
			path = ViewModel;
			sourceTree = "<group>";
		};
		EECB9846251E4A9700C04ED3 /* MVVM */ = {
			isa = PBXGroup;
			children = (
				EECB983E251E472D00C04ED3 /* View */,
				EECB983F251E497700C04ED3 /* Model */,
				EECB9843251E4A0D00C04ED3 /* ViewModel */,
			);
			path = MVVM;
			sourceTree = "<group>";
		};
		EEFDDFE8251E9455004BDEA9 /* Resources */ = {
			isa = PBXGroup;
			children = (
				EEFDDFE9251E9476004BDEA9 /* GothamRounded-Bold.otf */,
				EEFDDFEA251E9476004BDEA9 /* GothamRounded-Book.otf */,
				EEFDDFEB251E9476004BDEA9 /* GothamRounded-Medium.otf */,
			);
			path = Resources;
			sourceTree = "<group>";
		};
		EEFDDFEC251E94E7004BDEA9 /* Font */ = {
			isa = PBXGroup;
			children = (
				EEFDDFED251E94E7004BDEA9 /* FontConvertible.swift */,
				EEFDDFEE251E94E7004BDEA9 /* Fonts.swift */,
				EEFDDFEF251E94E7004BDEA9 /* CustomFont.swift */,
			);
			path = Font;
			sourceTree = "<group>";
		};
		EEFDDFF3251E94F1004BDEA9 /* Label */ = {
			isa = PBXGroup;
			children = (
				EEFDDFF4251E94F1004BDEA9 /* CommonLabels.swift */,
			);
			name = Label;
			path = ../../../../../DOADOA/Clienti/Aesyra/SourceCode/iOS/AesyBite/AesyBite/Common/Label;
			sourceTree = "<group>";
		};
		EEFDDFF6251E953B004BDEA9 /* Common */ = {
			isa = PBXGroup;
			children = (
				EEFDDFF7251E956A004BDEA9 /* CustomLabel.swift */,
			);
			path = Common;
			sourceTree = "<group>";
		};
		EEFDDFF9251E958F004BDEA9 /* Theme */ = {
			isa = PBXGroup;
			children = (
				EEFDE001251EA6BC004BDEA9 /* ThemeUtils.swift */,
				EEFDDFFA251E958F004BDEA9 /* Placeholder.swift */,
			);
			path = Theme;
			sourceTree = "<group>";
		};
		EEFDDFFC251E95B5004BDEA9 /* Extension */ = {
			isa = PBXGroup;
			children = (
				EEFDDFFD251E95C6004BDEA9 /* UIFontExtension.swift */,
			);
			path = Extension;
			sourceTree = "<group>";
		};
		EEFDE00A251EB5F9004BDEA9 /* Cell */ = {
			isa = PBXGroup;
			children = (
				EEFDDFE4251E93B0004BDEA9 /* PokemonCell.swift */,
				EEFDDFE5251E93B0004BDEA9 /* PokemonCell.xib */,
				EE98F416251EBAE60085A353 /* PokemonImageCell.swift */,
				EEF5CA3E2521B95600AD3CA8 /* PokemonStatCell.swift */,
			);
			path = Cell;
			sourceTree = "<group>";
		};
		EEFDE00B251EB602004BDEA9 /* VC */ = {
			isa = PBXGroup;
			children = (
				EECB981D251E45AF00C04ED3 /* PokemoneListViewController.swift */,
				EEFDE00C251EB61A004BDEA9 /* PokemonDetailsViewController.swift */,
			);
			path = VC;
			sourceTree = "<group>";
		};
/* End PBXGroup section */

/* Begin PBXNativeTarget section */
		EECB9815251E45AF00C04ED3 /* WiseEmotionsTest */ = {
			isa = PBXNativeTarget;
			buildConfigurationList = EECB9838251E45B300C04ED3 /* Build configuration list for PBXNativeTarget "WiseEmotionsTest" */;
			buildPhases = (
				2981DED16156D23823B202BF /* [CP] Check Pods Manifest.lock */,
				EECB9812251E45AF00C04ED3 /* Sources */,
				EECB9813251E45AF00C04ED3 /* Frameworks */,
				EECB9814251E45AF00C04ED3 /* Resources */,
			);
			buildRules = (
			);
			dependencies = (
			);
			name = WiseEmotionsTest;
			productName = WiseEmotionsTest;
			productReference = EECB9816251E45AF00C04ED3 /* WiseEmotionsTest.app */;
			productType = "com.apple.product-type.application";
		};
		EECB982E251E45B300C04ED3 /* WiseEmotionsTestTests */ = {
			isa = PBXNativeTarget;
			buildConfigurationList = EECB983B251E45B300C04ED3 /* Build configuration list for PBXNativeTarget "WiseEmotionsTestTests" */;
			buildPhases = (
				B0DA8064DF1D03B0FE447AF0 /* [CP] Check Pods Manifest.lock */,
				EECB982B251E45B300C04ED3 /* Sources */,
				EECB982C251E45B300C04ED3 /* Frameworks */,
				EECB982D251E45B300C04ED3 /* Resources */,
			);
			buildRules = (
			);
			dependencies = (
				EECB9831251E45B300C04ED3 /* PBXTargetDependency */,
			);
			name = WiseEmotionsTestTests;
			productName = WiseEmotionsTestTests;
			productReference = EECB982F251E45B300C04ED3 /* WiseEmotionsTestTests.xctest */;
			productType = "com.apple.product-type.bundle.unit-test";
		};
/* End PBXNativeTarget section */

/* Begin PBXProject section */
		EECB980E251E45AF00C04ED3 /* Project object */ = {
			isa = PBXProject;
			attributes = {
				LastSwiftUpdateCheck = 1160;
				LastUpgradeCheck = 1160;
				ORGANIZATIONNAME = "Filippo Giove";
				TargetAttributes = {
					EECB9815251E45AF00C04ED3 = {
						CreatedOnToolsVersion = 11.6;
					};
					EECB982E251E45B300C04ED3 = {
						CreatedOnToolsVersion = 11.6;
						TestTargetID = EECB9815251E45AF00C04ED3;
					};
				};
			};
			buildConfigurationList = EECB9811251E45AF00C04ED3 /* Build configuration list for PBXProject "WiseEmotionsTest" */;
			compatibilityVersion = "Xcode 9.3";
			developmentRegion = en;
			hasScannedForEncodings = 0;
			knownRegions = (
				en,
				Base,
			);
			mainGroup = EECB980D251E45AF00C04ED3;
			productRefGroup = EECB9817251E45AF00C04ED3 /* Products */;
			projectDirPath = "";
			projectRoot = "";
			targets = (
				EECB9815251E45AF00C04ED3 /* WiseEmotionsTest */,
				EECB982E251E45B300C04ED3 /* WiseEmotionsTestTests */,
			);
		};
/* End PBXProject section */

/* Begin PBXResourcesBuildPhase section */
		EECB9814251E45AF00C04ED3 /* Resources */ = {
			isa = PBXResourcesBuildPhase;
			buildActionMask = 2147483647;
			files = (
				EECB9829251E45B200C04ED3 /* LaunchScreen.storyboard in Resources */,
				EEFDDFE7251E93B0004BDEA9 /* PokemonCell.xib in Resources */,
				EEFDE004251EA7DD004BDEA9 /* GothamRounded-Bold.otf in Resources */,
				EEFDE003251EA7DA004BDEA9 /* GothamRounded-Book.otf in Resources */,
				EEFDE005251EA7E0004BDEA9 /* GothamRounded-Medium.otf in Resources */,
				EECB9826251E45B200C04ED3 /* Assets.xcassets in Resources */,
				EECB9821251E45AF00C04ED3 /* Main.storyboard in Resources */,
			);
			runOnlyForDeploymentPostprocessing = 0;
		};
		EECB982D251E45B300C04ED3 /* Resources */ = {
			isa = PBXResourcesBuildPhase;
			buildActionMask = 2147483647;
			files = (
			);
			runOnlyForDeploymentPostprocessing = 0;
		};
/* End PBXResourcesBuildPhase section */

/* Begin PBXShellScriptBuildPhase section */
		2981DED16156D23823B202BF /* [CP] Check Pods Manifest.lock */ = {
			isa = PBXShellScriptBuildPhase;
			buildActionMask = 2147483647;
			files = (
			);
			inputFileListPaths = (
			);
			inputPaths = (
				"${PODS_PODFILE_DIR_PATH}/Podfile.lock",
				"${PODS_ROOT}/Manifest.lock",
			);
			name = "[CP] Check Pods Manifest.lock";
			outputFileListPaths = (
			);
			outputPaths = (
				"$(DERIVED_FILE_DIR)/Pods-WiseEmotionsTest-checkManifestLockResult.txt",
			);
			runOnlyForDeploymentPostprocessing = 0;
			shellPath = /bin/sh;
			shellScript = "diff \"${PODS_PODFILE_DIR_PATH}/Podfile.lock\" \"${PODS_ROOT}/Manifest.lock\" > /dev/null\nif [ $? != 0 ] ; then\n    # print error to STDERR\n    echo \"error: The sandbox is not in sync with the Podfile.lock. Run 'pod install' or update your CocoaPods installation.\" >&2\n    exit 1\nfi\n# This output is used by Xcode 'outputs' to avoid re-running this script phase.\necho \"SUCCESS\" > \"${SCRIPT_OUTPUT_FILE_0}\"\n";
			showEnvVarsInLog = 0;
		};
		B0DA8064DF1D03B0FE447AF0 /* [CP] Check Pods Manifest.lock */ = {
			isa = PBXShellScriptBuildPhase;
			buildActionMask = 2147483647;
			files = (
			);
			inputFileListPaths = (
			);
			inputPaths = (
				"${PODS_PODFILE_DIR_PATH}/Podfile.lock",
				"${PODS_ROOT}/Manifest.lock",
			);
			name = "[CP] Check Pods Manifest.lock";
			outputFileListPaths = (
			);
			outputPaths = (
				"$(DERIVED_FILE_DIR)/Pods-WiseEmotionsTestTests-checkManifestLockResult.txt",
			);
			runOnlyForDeploymentPostprocessing = 0;
			shellPath = /bin/sh;
			shellScript = "diff \"${PODS_PODFILE_DIR_PATH}/Podfile.lock\" \"${PODS_ROOT}/Manifest.lock\" > /dev/null\nif [ $? != 0 ] ; then\n    # print error to STDERR\n    echo \"error: The sandbox is not in sync with the Podfile.lock. Run 'pod install' or update your CocoaPods installation.\" >&2\n    exit 1\nfi\n# This output is used by Xcode 'outputs' to avoid re-running this script phase.\necho \"SUCCESS\" > \"${SCRIPT_OUTPUT_FILE_0}\"\n";
			showEnvVarsInLog = 0;
		};
/* End PBXShellScriptBuildPhase section */

/* Begin PBXSourcesBuildPhase section */
		EECB9812251E45AF00C04ED3 /* Sources */ = {
			isa = PBXSourcesBuildPhase;
			buildActionMask = 2147483647;
			files = (
				EECB981E251E45AF00C04ED3 /* PokemoneListViewController.swift in Sources */,
				EEFDDFFE251E95C6004BDEA9 /* UIFontExtension.swift in Sources */,
				EEFDDFF5251E94F1004BDEA9 /* CommonLabels.swift in Sources */,
				EECB981A251E45AF00C04ED3 /* AppDelegate.swift in Sources */,
				EE7E2BCC251E923E00BBFB8C /* Utilities.swift in Sources */,
				EE98F41E251EC7F00085A353 /* DataManager.swift in Sources */,
				EEFDE007251EAE6E004BDEA9 /* PokemonDetailViewModel.swift in Sources */,
				EECB9845251E4A4800C04ED3 /* PokemonListViewModel.swift in Sources */,
				EECB9848251E4F7600C04ED3 /* Constants.swift in Sources */,
				EEFDE000251EA15C004BDEA9 /* Utils.swift in Sources */,
				EEFDDFE6251E93B0004BDEA9 /* PokemonCell.swift in Sources */,
				EEFDDFF2251E94E7004BDEA9 /* CustomFont.swift in Sources */,
				EE98F417251EBAE60085A353 /* PokemonImageCell.swift in Sources */,
				EEFDE00D251EB61A004BDEA9 /* PokemonDetailsViewController.swift in Sources */,
				EEF5CA392521B60300AD3CA8 /* PokemonStat.swift in Sources */,
				EEF5CA3F2521B95600AD3CA8 /* PokemonStatCell.swift in Sources */,
				EEFDDFF1251E94E7004BDEA9 /* Fonts.swift in Sources */,
				EEFDDFF8251E956A004BDEA9 /* CustomLabel.swift in Sources */,
				EEFDE002251EA6BC004BDEA9 /* ThemeUtils.swift in Sources */,
				EEFDE009251EAE9D004BDEA9 /* PokemonDetailsModel.swift in Sources */,
				EECB9841251E498500C04ED3 /* PokemonModel.swift in Sources */,
				EE98F41B251EC7850085A353 /* Reachability.swift in Sources */,
				EECB9824251E45AF00C04ED3 /* WiseEmotionsTest.xcdatamodeld in Sources */,
				EEFDDFF0251E94E7004BDEA9 /* FontConvertible.swift in Sources */,
				EEFDDFFB251E958F004BDEA9 /* Placeholder.swift in Sources */,
			);
			runOnlyForDeploymentPostprocessing = 0;
		};
		EECB982B251E45B300C04ED3 /* Sources */ = {
			isa = PBXSourcesBuildPhase;
			buildActionMask = 2147483647;
			files = (
				EECB9834251E45B300C04ED3 /* WiseEmotionsTestTests.swift in Sources */,
			);
			runOnlyForDeploymentPostprocessing = 0;
		};
/* End PBXSourcesBuildPhase section */

/* Begin PBXTargetDependency section */
		EECB9831251E45B300C04ED3 /* PBXTargetDependency */ = {
			isa = PBXTargetDependency;
			target = EECB9815251E45AF00C04ED3 /* WiseEmotionsTest */;
			targetProxy = EECB9830251E45B300C04ED3 /* PBXContainerItemProxy */;
		};
/* End PBXTargetDependency section */

/* Begin PBXVariantGroup section */
		EECB981F251E45AF00C04ED3 /* Main.storyboard */ = {
			isa = PBXVariantGroup;
			children = (
				EECB9820251E45AF00C04ED3 /* Base */,
			);
			name = Main.storyboard;
			sourceTree = "<group>";
		};
		EECB9827251E45B200C04ED3 /* LaunchScreen.storyboard */ = {
			isa = PBXVariantGroup;
			children = (
				EECB9828251E45B200C04ED3 /* Base */,
			);
			name = LaunchScreen.storyboard;
			sourceTree = "<group>";
		};
/* End PBXVariantGroup section */

/* Begin XCBuildConfiguration section */
		EECB9836251E45B300C04ED3 /* Debug */ = {
			isa = XCBuildConfiguration;
			buildSettings = {
				ALWAYS_SEARCH_USER_PATHS = NO;
				CLANG_ANALYZER_NONNULL = YES;
				CLANG_ANALYZER_NUMBER_OBJECT_CONVERSION = YES_AGGRESSIVE;
				CLANG_CXX_LANGUAGE_STANDARD = "gnu++14";
				CLANG_CXX_LIBRARY = "libc++";
				CLANG_ENABLE_MODULES = YES;
				CLANG_ENABLE_OBJC_ARC = YES;
				CLANG_ENABLE_OBJC_WEAK = YES;
				CLANG_WARN_BLOCK_CAPTURE_AUTORELEASING = YES;
				CLANG_WARN_BOOL_CONVERSION = YES;
				CLANG_WARN_COMMA = YES;
				CLANG_WARN_CONSTANT_CONVERSION = YES;
				CLANG_WARN_DEPRECATED_OBJC_IMPLEMENTATIONS = YES;
				CLANG_WARN_DIRECT_OBJC_ISA_USAGE = YES_ERROR;
				CLANG_WARN_DOCUMENTATION_COMMENTS = YES;
				CLANG_WARN_EMPTY_BODY = YES;
				CLANG_WARN_ENUM_CONVERSION = YES;
				CLANG_WARN_INFINITE_RECURSION = YES;
				CLANG_WARN_INT_CONVERSION = YES;
				CLANG_WARN_NON_LITERAL_NULL_CONVERSION = YES;
				CLANG_WARN_OBJC_IMPLICIT_RETAIN_SELF = YES;
				CLANG_WARN_OBJC_LITERAL_CONVERSION = YES;
				CLANG_WARN_OBJC_ROOT_CLASS = YES_ERROR;
				CLANG_WARN_RANGE_LOOP_ANALYSIS = YES;
				CLANG_WARN_STRICT_PROTOTYPES = YES;
				CLANG_WARN_SUSPICIOUS_MOVE = YES;
				CLANG_WARN_UNGUARDED_AVAILABILITY = YES_AGGRESSIVE;
				CLANG_WARN_UNREACHABLE_CODE = YES;
				CLANG_WARN__DUPLICATE_METHOD_MATCH = YES;
				COPY_PHASE_STRIP = NO;
				DEBUG_INFORMATION_FORMAT = dwarf;
				ENABLE_STRICT_OBJC_MSGSEND = YES;
				ENABLE_TESTABILITY = YES;
				GCC_C_LANGUAGE_STANDARD = gnu11;
				GCC_DYNAMIC_NO_PIC = NO;
				GCC_NO_COMMON_BLOCKS = YES;
				GCC_OPTIMIZATION_LEVEL = 0;
				GCC_PREPROCESSOR_DEFINITIONS = (
					"DEBUG=1",
					"$(inherited)",
				);
				GCC_WARN_64_TO_32_BIT_CONVERSION = YES;
				GCC_WARN_ABOUT_RETURN_TYPE = YES_ERROR;
				GCC_WARN_UNDECLARED_SELECTOR = YES;
				GCC_WARN_UNINITIALIZED_AUTOS = YES_AGGRESSIVE;
				GCC_WARN_UNUSED_FUNCTION = YES;
				GCC_WARN_UNUSED_VARIABLE = YES;
				IPHONEOS_DEPLOYMENT_TARGET = 11.0;
				MTL_ENABLE_DEBUG_INFO = INCLUDE_SOURCE;
				MTL_FAST_MATH = YES;
				ONLY_ACTIVE_ARCH = YES;
				SDKROOT = iphoneos;
				SWIFT_ACTIVE_COMPILATION_CONDITIONS = DEBUG;
				SWIFT_OPTIMIZATION_LEVEL = "-Onone";
			};
			name = Debug;
		};
		EECB9837251E45B300C04ED3 /* Release */ = {
			isa = XCBuildConfiguration;
			buildSettings = {
				ALWAYS_SEARCH_USER_PATHS = NO;
				CLANG_ANALYZER_NONNULL = YES;
				CLANG_ANALYZER_NUMBER_OBJECT_CONVERSION = YES_AGGRESSIVE;
				CLANG_CXX_LANGUAGE_STANDARD = "gnu++14";
				CLANG_CXX_LIBRARY = "libc++";
				CLANG_ENABLE_MODULES = YES;
				CLANG_ENABLE_OBJC_ARC = YES;
				CLANG_ENABLE_OBJC_WEAK = YES;
				CLANG_WARN_BLOCK_CAPTURE_AUTORELEASING = YES;
				CLANG_WARN_BOOL_CONVERSION = YES;
				CLANG_WARN_COMMA = YES;
				CLANG_WARN_CONSTANT_CONVERSION = YES;
				CLANG_WARN_DEPRECATED_OBJC_IMPLEMENTATIONS = YES;
				CLANG_WARN_DIRECT_OBJC_ISA_USAGE = YES_ERROR;
				CLANG_WARN_DOCUMENTATION_COMMENTS = YES;
				CLANG_WARN_EMPTY_BODY = YES;
				CLANG_WARN_ENUM_CONVERSION = YES;
				CLANG_WARN_INFINITE_RECURSION = YES;
				CLANG_WARN_INT_CONVERSION = YES;
				CLANG_WARN_NON_LITERAL_NULL_CONVERSION = YES;
				CLANG_WARN_OBJC_IMPLICIT_RETAIN_SELF = YES;
				CLANG_WARN_OBJC_LITERAL_CONVERSION = YES;
				CLANG_WARN_OBJC_ROOT_CLASS = YES_ERROR;
				CLANG_WARN_RANGE_LOOP_ANALYSIS = YES;
				CLANG_WARN_STRICT_PROTOTYPES = YES;
				CLANG_WARN_SUSPICIOUS_MOVE = YES;
				CLANG_WARN_UNGUARDED_AVAILABILITY = YES_AGGRESSIVE;
				CLANG_WARN_UNREACHABLE_CODE = YES;
				CLANG_WARN__DUPLICATE_METHOD_MATCH = YES;
				COPY_PHASE_STRIP = NO;
				DEBUG_INFORMATION_FORMAT = "dwarf-with-dsym";
				ENABLE_NS_ASSERTIONS = NO;
				ENABLE_STRICT_OBJC_MSGSEND = YES;
				GCC_C_LANGUAGE_STANDARD = gnu11;
				GCC_NO_COMMON_BLOCKS = YES;
				GCC_WARN_64_TO_32_BIT_CONVERSION = YES;
				GCC_WARN_ABOUT_RETURN_TYPE = YES_ERROR;
				GCC_WARN_UNDECLARED_SELECTOR = YES;
				GCC_WARN_UNINITIALIZED_AUTOS = YES_AGGRESSIVE;
				GCC_WARN_UNUSED_FUNCTION = YES;
				GCC_WARN_UNUSED_VARIABLE = YES;
				IPHONEOS_DEPLOYMENT_TARGET = 11.0;
				MTL_ENABLE_DEBUG_INFO = NO;
				MTL_FAST_MATH = YES;
				SDKROOT = iphoneos;
				SWIFT_COMPILATION_MODE = wholemodule;
				SWIFT_OPTIMIZATION_LEVEL = "-O";
				VALIDATE_PRODUCT = YES;
			};
			name = Release;
		};
		EECB9839251E45B300C04ED3 /* Debug */ = {
			isa = XCBuildConfiguration;
			baseConfigurationReference = 9FDA5D577353AAC227BC2BAF /* Pods-WiseEmotionsTest.debug.xcconfig */;
			buildSettings = {
				ASSETCATALOG_COMPILER_APPICON_NAME = AppIcon;
				CODE_SIGN_STYLE = Automatic;
				DEVELOPMENT_TEAM = TA82UEXLK6;
				INFOPLIST_FILE = WiseEmotionsTest/Info.plist;
				IPHONEOS_DEPLOYMENT_TARGET = 11.0;
				LD_RUNPATH_SEARCH_PATHS = (
					"$(inherited)",
					"@executable_path/Frameworks",
				);
				PRODUCT_BUNDLE_IDENTIFIER = cloud.doadoa.WiseEmotionsTest;
				PRODUCT_NAME = "$(TARGET_NAME)";
				SWIFT_VERSION = 5.0;
				TARGETED_DEVICE_FAMILY = "1,2";
			};
			name = Debug;
		};
		EECB983A251E45B300C04ED3 /* Release */ = {
			isa = XCBuildConfiguration;
			baseConfigurationReference = 97C0ED4F1ECC6E8779D0AE8E /* Pods-WiseEmotionsTest.release.xcconfig */;
			buildSettings = {
				ASSETCATALOG_COMPILER_APPICON_NAME = AppIcon;
				CODE_SIGN_STYLE = Automatic;
				DEVELOPMENT_TEAM = TA82UEXLK6;
				INFOPLIST_FILE = WiseEmotionsTest/Info.plist;
				IPHONEOS_DEPLOYMENT_TARGET = 11.0;
				LD_RUNPATH_SEARCH_PATHS = (
					"$(inherited)",
					"@executable_path/Frameworks",
				);
				PRODUCT_BUNDLE_IDENTIFIER = cloud.doadoa.WiseEmotionsTest;
				PRODUCT_NAME = "$(TARGET_NAME)";
				SWIFT_VERSION = 5.0;
				TARGETED_DEVICE_FAMILY = "1,2";
			};
			name = Release;
		};
		EECB983C251E45B300C04ED3 /* Debug */ = {
			isa = XCBuildConfiguration;
			baseConfigurationReference = 4CFBA8329CE2FBF7A4CDB43E /* Pods-WiseEmotionsTestTests.debug.xcconfig */;
			buildSettings = {
				ALWAYS_EMBED_SWIFT_STANDARD_LIBRARIES = YES;
				BUNDLE_LOADER = "$(TEST_HOST)";
				CODE_SIGN_STYLE = Automatic;
				DEVELOPMENT_TEAM = TA82UEXLK6;
				INFOPLIST_FILE = WiseEmotionsTestTests/Info.plist;
				IPHONEOS_DEPLOYMENT_TARGET = 13.6;
				LD_RUNPATH_SEARCH_PATHS = (
					"$(inherited)",
					"@executable_path/Frameworks",
					"@loader_path/Frameworks",
				);
				PRODUCT_BUNDLE_IDENTIFIER = cloud.doadoa.WiseEmotionsTestTests;
				PRODUCT_NAME = "$(TARGET_NAME)";
				SWIFT_VERSION = 5.0;
				TARGETED_DEVICE_FAMILY = "1,2";
				TEST_HOST = "$(BUILT_PRODUCTS_DIR)/WiseEmotionsTest.app/WiseEmotionsTest";
			};
			name = Debug;
		};
		EECB983D251E45B300C04ED3 /* Release */ = {
			isa = XCBuildConfiguration;
			baseConfigurationReference = A901DAD6EF83BE9EEF9DF1BE /* Pods-WiseEmotionsTestTests.release.xcconfig */;
			buildSettings = {
				ALWAYS_EMBED_SWIFT_STANDARD_LIBRARIES = YES;
				BUNDLE_LOADER = "$(TEST_HOST)";
				CODE_SIGN_STYLE = Automatic;
				DEVELOPMENT_TEAM = TA82UEXLK6;
				INFOPLIST_FILE = WiseEmotionsTestTests/Info.plist;
				IPHONEOS_DEPLOYMENT_TARGET = 13.6;
				LD_RUNPATH_SEARCH_PATHS = (
					"$(inherited)",
					"@executable_path/Frameworks",
					"@loader_path/Frameworks",
				);
				PRODUCT_BUNDLE_IDENTIFIER = cloud.doadoa.WiseEmotionsTestTests;
				PRODUCT_NAME = "$(TARGET_NAME)";
				SWIFT_VERSION = 5.0;
				TARGETED_DEVICE_FAMILY = "1,2";
				TEST_HOST = "$(BUILT_PRODUCTS_DIR)/WiseEmotionsTest.app/WiseEmotionsTest";
			};
			name = Release;
		};
/* End XCBuildConfiguration section */

/* Begin XCConfigurationList section */
		EECB9811251E45AF00C04ED3 /* Build configuration list for PBXProject "WiseEmotionsTest" */ = {
			isa = XCConfigurationList;
			buildConfigurations = (
				EECB9836251E45B300C04ED3 /* Debug */,
				EECB9837251E45B300C04ED3 /* Release */,
			);
			defaultConfigurationIsVisible = 0;
			defaultConfigurationName = Release;
		};
		EECB9838251E45B300C04ED3 /* Build configuration list for PBXNativeTarget "WiseEmotionsTest" */ = {
			isa = XCConfigurationList;
			buildConfigurations = (
				EECB9839251E45B300C04ED3 /* Debug */,
				EECB983A251E45B300C04ED3 /* Release */,
			);
			defaultConfigurationIsVisible = 0;
			defaultConfigurationName = Release;
		};
		EECB983B251E45B300C04ED3 /* Build configuration list for PBXNativeTarget "WiseEmotionsTestTests" */ = {
			isa = XCConfigurationList;
			buildConfigurations = (
				EECB983C251E45B300C04ED3 /* Debug */,
				EECB983D251E45B300C04ED3 /* Release */,
			);
			defaultConfigurationIsVisible = 0;
			defaultConfigurationName = Release;
		};
/* End XCConfigurationList section */

/* Begin XCVersionGroup section */
		EECB9822251E45AF00C04ED3 /* WiseEmotionsTest.xcdatamodeld */ = {
			isa = XCVersionGroup;
			children = (
				EECB9823251E45AF00C04ED3 /* WiseEmotionsTest.xcdatamodel */,
			);
			currentVersion = EECB9823251E45AF00C04ED3 /* WiseEmotionsTest.xcdatamodel */;
			path = WiseEmotionsTest.xcdatamodeld;
			sourceTree = "<group>";
			versionGroupType = wrapper.xcdatamodel;
		};
/* End XCVersionGroup section */
	};
	rootObject = EECB980E251E45AF00C04ED3 /* Project object */;
}
